
Microsoft Visual Studio Solution File, Format Version 12.00
# Visual Studio 15
VisualStudioVersion = 15.0.28307.168
MinimumVisualStudioVersion = 10.0.40219.1
Project("{FAE04EC0-301F-11D3-BF4B-00C04F79EFBC}") = "ConversorFracaoBanaria", "ConversorFracaoBanaria\ConversorFracaoBanaria.csproj", "{98D2508A-F7FB-4E4D-9247-B41A974BF873}"
EndProject
Global
	GlobalSection(SolutionConfigurationPlatforms) = preSolution
		Debug|Any CPU = Debug|Any CPU
		Release|Any CPU = Release|Any CPU
	EndGlobalSection
	GlobalSection(ProjectConfigurationPlatforms) = postSolution
		{98D2508A-F7FB-4E4D-9247-B41A974BF873}.Debug|Any CPU.ActiveCfg = Debug|Any CPU
		{98D2508A-F7FB-4E4D-9247-B41A974BF873}.Debug|Any CPU.Build.0 = Debug|Any CPU
		{98D2508A-F7FB-4E4D-9247-B41A974BF873}.Release|Any CPU.ActiveCfg = Release|Any CPU
		{98D2508A-F7FB-4E4D-9247-B41A974BF873}.Release|Any CPU.Build.0 = Release|Any CPU
	EndGlobalSection
	GlobalSection(SolutionProperties) = preSolution
		HideSolutionNode = FALSE
	EndGlobalSection
	GlobalSection(ExtensibilityGlobals) = postSolution
		SolutionGuid = {29795D04-7CC4-41B7-BEC3-E2EDF1C4D184}
	EndGlobalSection
EndGlobal
